
Microsoft Visual Studio Solution File, Format Version 12.00
# Visual Studio Version 16
VisualStudioVersion = 16.0.31624.102
MinimumVisualStudioVersion = 10.0.40219.1
Project("{FAE04EC0-301F-11D3-BF4B-00C04F79EFBC}") = "FootballPlayertest", "FootballPlayertest\FootballPlayertest.csproj", "{85CB132F-1CA7-4142-8394-6BD6B7D58AC7}"
EndProject
Project("{FAE04EC0-301F-11D3-BF4B-00C04F79EFBC}") = "FootballPlayerUnitTest", "FootballPlayerUnitTest\FootballPlayerUnitTest.csproj", "{CC228BCB-F44A-4748-AAAD-E436EF743196}"
EndProject
Global
	GlobalSection(SolutionConfigurationPlatforms) = preSolution
		Debug|Any CPU = Debug|Any CPU
		Release|Any CPU = Release|Any CPU
	EndGlobalSection
	GlobalSection(ProjectConfigurationPlatforms) = postSolution
		{85CB132F-1CA7-4142-8394-6BD6B7D58AC7}.Debug|Any CPU.ActiveCfg = Debug|Any CPU
		{85CB132F-1CA7-4142-8394-6BD6B7D58AC7}.Debug|Any CPU.Build.0 = Debug|Any CPU
		{85CB132F-1CA7-4142-8394-6BD6B7D58AC7}.Release|Any CPU.ActiveCfg = Release|Any CPU
		{85CB132F-1CA7-4142-8394-6BD6B7D58AC7}.Release|Any CPU.Build.0 = Release|Any CPU
		{CC228BCB-F44A-4748-AAAD-E436EF743196}.Debug|Any CPU.ActiveCfg = Debug|Any CPU
		{CC228BCB-F44A-4748-AAAD-E436EF743196}.Debug|Any CPU.Build.0 = Debug|Any CPU
		{CC228BCB-F44A-4748-AAAD-E436EF743196}.Release|Any CPU.ActiveCfg = Release|Any CPU
		{CC228BCB-F44A-4748-AAAD-E436EF743196}.Release|Any CPU.Build.0 = Release|Any CPU
	EndGlobalSection
	GlobalSection(SolutionProperties) = preSolution
		HideSolutionNode = FALSE
	EndGlobalSection
	GlobalSection(ExtensibilityGlobals) = postSolution
		SolutionGuid = {31B55662-9959-4478-9D5C-CD11B2740BEA}
	EndGlobalSection
EndGlobal
